// !$*UTF8*$!
{
	archiveVersion = 1;
	classes = {
	};
	objectVersion = 56;
	objects = {

/* Begin PBXBuildFile section */
		5EF23BD62C93B05D00E6435E /* AppDelegate.swift in Sources */ = {isa = PBXBuildFile; fileRef = 5EF23BD52C93B05D00E6435E /* AppDelegate.swift */; };
		5EF23BD82C93B05D00E6435E /* SceneDelegate.swift in Sources */ = {isa = PBXBuildFile; fileRef = 5EF23BD72C93B05D00E6435E /* SceneDelegate.swift */; };
		5EF23BDA2C93B05D00E6435E /* ViewController.swift in Sources */ = {isa = PBXBuildFile; fileRef = 5EF23BD92C93B05D00E6435E /* ViewController.swift */; };
		5EF23BDD2C93B05D00E6435E /* Base in Resources */ = {isa = PBXBuildFile; fileRef = 5EF23BDC2C93B05D00E6435E /* Base */; };
		5EF23BDF2C93B05F00E6435E /* Assets.xcassets in Resources */ = {isa = PBXBuildFile; fileRef = 5EF23BDE2C93B05F00E6435E /* Assets.xcassets */; };
		5EF23BE22C93B05F00E6435E /* Base in Resources */ = {isa = PBXBuildFile; fileRef = 5EF23BE12C93B05F00E6435E /* Base */; };
		5EF23BED2C93B05F00E6435E /* BrainGameTests.swift in Sources */ = {isa = PBXBuildFile; fileRef = 5EF23BEC2C93B05F00E6435E /* BrainGameTests.swift */; };
		5EF23BF72C93B05F00E6435E /* BrainGameUITests.swift in Sources */ = {isa = PBXBuildFile; fileRef = 5EF23BF62C93B05F00E6435E /* BrainGameUITests.swift */; };
		5EF23BF92C93B05F00E6435E /* BrainGameUITestsLaunchTests.swift in Sources */ = {isa = PBXBuildFile; fileRef = 5EF23BF82C93B05F00E6435E /* BrainGameUITestsLaunchTests.swift */; };
		5EF23C062C93C7EE00E6435E /* HomeViewController.swift in Sources */ = {isa = PBXBuildFile; fileRef = 5EF23C052C93C7EE00E6435E /* HomeViewController.swift */; };
/* End PBXBuildFile section */

/* Begin PBXContainerItemProxy section */
		5EF23BE92C93B05F00E6435E /* PBXContainerItemProxy */ = {
			isa = PBXContainerItemProxy;
			containerPortal = 5EF23BCA2C93B05D00E6435E /* Project object */;
			proxyType = 1;
			remoteGlobalIDString = 5EF23BD12C93B05D00E6435E;
			remoteInfo = BrainGame;
		};
		5EF23BF32C93B05F00E6435E /* PBXContainerItemProxy */ = {
			isa = PBXContainerItemProxy;
			containerPortal = 5EF23BCA2C93B05D00E6435E /* Project object */;
			proxyType = 1;
			remoteGlobalIDString = 5EF23BD12C93B05D00E6435E;
			remoteInfo = BrainGame;
		};
/* End PBXContainerItemProxy section */

/* Begin PBXFileReference section */
		5EF23BD22C93B05D00E6435E /* BrainGame.app */ = {isa = PBXFileReference; explicitFileType = wrapper.application; includeInIndex = 0; path = BrainGame.app; sourceTree = BUILT_PRODUCTS_DIR; };
		5EF23BD52C93B05D00E6435E /* AppDelegate.swift */ = {isa = PBXFileReference; lastKnownFileType = sourcecode.swift; path = AppDelegate.swift; sourceTree = "<group>"; };
		5EF23BD72C93B05D00E6435E /* SceneDelegate.swift */ = {isa = PBXFileReference; lastKnownFileType = sourcecode.swift; path = SceneDelegate.swift; sourceTree = "<group>"; };
		5EF23BD92C93B05D00E6435E /* ViewController.swift */ = {isa = PBXFileReference; lastKnownFileType = sourcecode.swift; path = ViewController.swift; sourceTree = "<group>"; };
		5EF23BDC2C93B05D00E6435E /* Base */ = {isa = PBXFileReference; lastKnownFileType = file.storyboard; name = Base; path = Base.lproj/Main.storyboard; sourceTree = "<group>"; };
		5EF23BDE2C93B05F00E6435E /* Assets.xcassets */ = {isa = PBXFileReference; lastKnownFileType = folder.assetcatalog; path = Assets.xcassets; sourceTree = "<group>"; };
		5EF23BE12C93B05F00E6435E /* Base */ = {isa = PBXFileReference; lastKnownFileType = file.storyboard; name = Base; path = Base.lproj/LaunchScreen.storyboard; sourceTree = "<group>"; };
		5EF23BE32C93B05F00E6435E /* Info.plist */ = {isa = PBXFileReference; lastKnownFileType = text.plist.xml; path = Info.plist; sourceTree = "<group>"; };
		5EF23BE82C93B05F00E6435E /* BrainGameTests.xctest */ = {isa = PBXFileReference; explicitFileType = wrapper.cfbundle; includeInIndex = 0; path = BrainGameTests.xctest; sourceTree = BUILT_PRODUCTS_DIR; };
		5EF23BEC2C93B05F00E6435E /* BrainGameTests.swift */ = {isa = PBXFileReference; lastKnownFileType = sourcecode.swift; path = BrainGameTests.swift; sourceTree = "<group>"; };
		5EF23BF22C93B05F00E6435E /* BrainGameUITests.xctest */ = {isa = PBXFileReference; explicitFileType = wrapper.cfbundle; includeInIndex = 0; path = BrainGameUITests.xctest; sourceTree = BUILT_PRODUCTS_DIR; };
		5EF23BF62C93B05F00E6435E /* BrainGameUITests.swift */ = {isa = PBXFileReference; lastKnownFileType = sourcecode.swift; path = BrainGameUITests.swift; sourceTree = "<group>"; };
		5EF23BF82C93B05F00E6435E /* BrainGameUITestsLaunchTests.swift */ = {isa = PBXFileReference; lastKnownFileType = sourcecode.swift; path = BrainGameUITestsLaunchTests.swift; sourceTree = "<group>"; };
		5EF23C052C93C7EE00E6435E /* HomeViewController.swift */ = {isa = PBXFileReference; lastKnownFileType = sourcecode.swift; path = HomeViewController.swift; sourceTree = "<group>"; };
/* End PBXFileReference section */

/* Begin PBXFrameworksBuildPhase section */
		5EF23BCF2C93B05D00E6435E /* Frameworks */ = {
			isa = PBXFrameworksBuildPhase;
			buildActionMask = 2147483647;
			files = (
			);
			runOnlyForDeploymentPostprocessing = 0;
		};
		5EF23BE52C93B05F00E6435E /* Frameworks */ = {
			isa = PBXFrameworksBuildPhase;
			buildActionMask = 2147483647;
			files = (
			);
			runOnlyForDeploymentPostprocessing = 0;
		};
		5EF23BEF2C93B05F00E6435E /* Frameworks */ = {
			isa = PBXFrameworksBuildPhase;
			buildActionMask = 2147483647;
			files = (
			);
			runOnlyForDeploymentPostprocessing = 0;
		};
/* End PBXFrameworksBuildPhase section */

/* Begin PBXGroup section */
		5EF23BC92C93B05D00E6435E = {
			isa = PBXGroup;
			children = (
				5EF23BD42C93B05D00E6435E /* BrainGame */,
				5EF23BEB2C93B05F00E6435E /* BrainGameTests */,
				5EF23BF52C93B05F00E6435E /* BrainGameUITests */,
				5EF23BD32C93B05D00E6435E /* Products */,
			);
			sourceTree = "<group>";
		};
		5EF23BD32C93B05D00E6435E /* Products */ = {
			isa = PBXGroup;
			children = (
				5EF23BD22C93B05D00E6435E /* BrainGame.app */,
				5EF23BE82C93B05F00E6435E /* BrainGameTests.xctest */,
				5EF23BF22C93B05F00E6435E /* BrainGameUITests.xctest */,
			);
			name = Products;
			sourceTree = "<group>";
		};
		5EF23BD42C93B05D00E6435E /* BrainGame */ = {
			isa = PBXGroup;
			children = (
				5EF23BD52C93B05D00E6435E /* AppDelegate.swift */,
				5EF23BD72C93B05D00E6435E /* SceneDelegate.swift */,
				5EF23C052C93C7EE00E6435E /* HomeViewController.swift */,
				5EF23BD92C93B05D00E6435E /* ViewController.swift */,
				5EF23BDB2C93B05D00E6435E /* Main.storyboard */,
				5EF23BDE2C93B05F00E6435E /* Assets.xcassets */,
				5EF23BE02C93B05F00E6435E /* LaunchScreen.storyboard */,
				5EF23BE32C93B05F00E6435E /* Info.plist */,
			);
			path = BrainGame;
			sourceTree = "<group>";
		};
		5EF23BEB2C93B05F00E6435E /* BrainGameTests */ = {
			isa = PBXGroup;
			children = (
				5EF23BEC2C93B05F00E6435E /* BrainGameTests.swift */,
			);
			path = BrainGameTests;
			sourceTree = "<group>";
		};
		5EF23BF52C93B05F00E6435E /* BrainGameUITests */ = {
			isa = PBXGroup;
			children = (
				5EF23BF62C93B05F00E6435E /* BrainGameUITests.swift */,
				5EF23BF82C93B05F00E6435E /* BrainGameUITestsLaunchTests.swift */,
			);
			path = BrainGameUITests;
			sourceTree = "<group>";
		};
/* End PBXGroup section */

/* Begin PBXNativeTarget section */
		5EF23BD12C93B05D00E6435E /* BrainGame */ = {
			isa = PBXNativeTarget;
			buildConfigurationList = 5EF23BFC2C93B05F00E6435E /* Build configuration list for PBXNativeTarget "BrainGame" */;
			buildPhases = (
				5EF23BCE2C93B05D00E6435E /* Sources */,
				5EF23BCF2C93B05D00E6435E /* Frameworks */,
				5EF23BD02C93B05D00E6435E /* Resources */,
			);
			buildRules = (
			);
			dependencies = (
			);
			name = BrainGame;
			productName = BrainGame;
			productReference = 5EF23BD22C93B05D00E6435E /* BrainGame.app */;
			productType = "com.apple.product-type.application";
		};
		5EF23BE72C93B05F00E6435E /* BrainGameTests */ = {
			isa = PBXNativeTarget;
			buildConfigurationList = 5EF23BFF2C93B05F00E6435E /* Build configuration list for PBXNativeTarget "BrainGameTests" */;
			buildPhases = (
				5EF23BE42C93B05F00E6435E /* Sources */,
				5EF23BE52C93B05F00E6435E /* Frameworks */,
				5EF23BE62C93B05F00E6435E /* Resources */,
			);
			buildRules = (
			);
			dependencies = (
				5EF23BEA2C93B05F00E6435E /* PBXTargetDependency */,
			);
			name = BrainGameTests;
			productName = BrainGameTests;
			productReference = 5EF23BE82C93B05F00E6435E /* BrainGameTests.xctest */;
			productType = "com.apple.product-type.bundle.unit-test";
		};
		5EF23BF12C93B05F00E6435E /* BrainGameUITests */ = {
			isa = PBXNativeTarget;
			buildConfigurationList = 5EF23C022C93B05F00E6435E /* Build configuration list for PBXNativeTarget "BrainGameUITests" */;
			buildPhases = (
				5EF23BEE2C93B05F00E6435E /* Sources */,
				5EF23BEF2C93B05F00E6435E /* Frameworks */,
				5EF23BF02C93B05F00E6435E /* Resources */,
			);
			buildRules = (
			);
			dependencies = (
				5EF23BF42C93B05F00E6435E /* PBXTargetDependency */,
			);
			name = BrainGameUITests;
			productName = BrainGameUITests;
			productReference = 5EF23BF22C93B05F00E6435E /* BrainGameUITests.xctest */;
			productType = "com.apple.product-type.bundle.ui-testing";
		};
/* End PBXNativeTarget section */

/* Begin PBXProject section */
		5EF23BCA2C93B05D00E6435E /* Project object */ = {
			isa = PBXProject;
			attributes = {
				BuildIndependentTargetsInParallel = 1;
				LastSwiftUpdateCheck = 1530;
				LastUpgradeCheck = 1530;
				TargetAttributes = {
					5EF23BD12C93B05D00E6435E = {
						CreatedOnToolsVersion = 15.3;
					};
					5EF23BE72C93B05F00E6435E = {
						CreatedOnToolsVersion = 15.3;
						TestTargetID = 5EF23BD12C93B05D00E6435E;
					};
					5EF23BF12C93B05F00E6435E = {
						CreatedOnToolsVersion = 15.3;
						TestTargetID = 5EF23BD12C93B05D00E6435E;
					};
				};
			};
			buildConfigurationList = 5EF23BCD2C93B05D00E6435E /* Build configuration list for PBXProject "BrainGame" */;
			compatibilityVersion = "Xcode 14.0";
			developmentRegion = en;
			hasScannedForEncodings = 0;
			knownRegions = (
				en,
				Base,
			);
			mainGroup = 5EF23BC92C93B05D00E6435E;
			productRefGroup = 5EF23BD32C93B05D00E6435E /* Products */;
			projectDirPath = "";
			projectRoot = "";
			targets = (
				5EF23BD12C93B05D00E6435E /* BrainGame */,
				5EF23BE72C93B05F00E6435E /* BrainGameTests */,
				5EF23BF12C93B05F00E6435E /* BrainGameUITests */,
			);
		};
/* End PBXProject section */

/* Begin PBXResourcesBuildPhase section */
		5EF23BD02C93B05D00E6435E /* Resources */ = {
			isa = PBXResourcesBuildPhase;
			buildActionMask = 2147483647;
			files = (
				5EF23BDF2C93B05F00E6435E /* Assets.xcassets in Resources */,
				5EF23BE22C93B05F00E6435E /* Base in Resources */,
				5EF23BDD2C93B05D00E6435E /* Base in Resources */,
			);
			runOnlyForDeploymentPostprocessing = 0;
		};
		5EF23BE62C93B05F00E6435E /* Resources */ = {
			isa = PBXResourcesBuildPhase;
			buildActionMask = 2147483647;
			files = (
			);
			runOnlyForDeploymentPostprocessing = 0;
		};
		5EF23BF02C93B05F00E6435E /* Resources */ = {
			isa = PBXResourcesBuildPhase;
			buildActionMask = 2147483647;
			files = (
			);
			runOnlyForDeploymentPostprocessing = 0;
		};
/* End PBXResourcesBuildPhase section */

/* Begin PBXSourcesBuildPhase section */
		5EF23BCE2C93B05D00E6435E /* Sources */ = {
			isa = PBXSourcesBuildPhase;
			buildActionMask = 2147483647;
			files = (
				5EF23BDA2C93B05D00E6435E /* ViewController.swift in Sources */,
				5EF23BD62C93B05D00E6435E /* AppDelegate.swift in Sources */,
				5EF23BD82C93B05D00E6435E /* SceneDelegate.swift in Sources */,
				5EF23C062C93C7EE00E6435E /* HomeViewController.swift in Sources */,
			);
			runOnlyForDeploymentPostprocessing = 0;
		};
		5EF23BE42C93B05F00E6435E /* Sources */ = {
			isa = PBXSourcesBuildPhase;
			buildActionMask = 2147483647;
			files = (
				5EF23BED2C93B05F00E6435E /* BrainGameTests.swift in Sources */,
			);
			runOnlyForDeploymentPostprocessing = 0;
		};
		5EF23BEE2C93B05F00E6435E /* Sources */ = {
			isa = PBXSourcesBuildPhase;
			buildActionMask = 2147483647;
			files = (
				5EF23BF72C93B05F00E6435E /* BrainGameUITests.swift in Sources */,
				5EF23BF92C93B05F00E6435E /* BrainGameUITestsLaunchTests.swift in Sources */,
			);
			runOnlyForDeploymentPostprocessing = 0;
		};
/* End PBXSourcesBuildPhase section */

/* Begin PBXTargetDependency section */
		5EF23BEA2C93B05F00E6435E /* PBXTargetDependency */ = {
			isa = PBXTargetDependency;
			target = 5EF23BD12C93B05D00E6435E /* BrainGame */;
			targetProxy = 5EF23BE92C93B05F00E6435E /* PBXContainerItemProxy */;
		};
		5EF23BF42C93B05F00E6435E /* PBXTargetDependency */ = {
			isa = PBXTargetDependency;
			target = 5EF23BD12C93B05D00E6435E /* BrainGame */;
			targetProxy = 5EF23BF32C93B05F00E6435E /* PBXContainerItemProxy */;
		};
/* End PBXTargetDependency section */

/* Begin PBXVariantGroup section */
		5EF23BDB2C93B05D00E6435E /* Main.storyboard */ = {
			isa = PBXVariantGroup;
			children = (
				5EF23BDC2C93B05D00E6435E /* Base */,
			);
			name = Main.storyboard;
			sourceTree = "<group>";
		};
		5EF23BE02C93B05F00E6435E /* LaunchScreen.storyboard */ = {
			isa = PBXVariantGroup;
			children = (
				5EF23BE12C93B05F00E6435E /* Base */,
			);
			name = LaunchScreen.storyboard;
			sourceTree = "<group>";
		};
/* End PBXVariantGroup section */

/* Begin XCBuildConfiguration section */
		5EF23BFA2C93B05F00E6435E /* Debug */ = {
			isa = XCBuildConfiguration;
			buildSettings = {
				ALWAYS_SEARCH_USER_PATHS = NO;
				ASSETCATALOG_COMPILER_GENERATE_SWIFT_ASSET_SYMBOL_EXTENSIONS = YES;
				CLANG_ANALYZER_NONNULL = YES;
				CLANG_ANALYZER_NUMBER_OBJECT_CONVERSION = YES_AGGRESSIVE;
				CLANG_CXX_LANGUAGE_STANDARD = "gnu++20";
				CLANG_ENABLE_MODULES = YES;
				CLANG_ENABLE_OBJC_ARC = YES;
				CLANG_ENABLE_OBJC_WEAK = YES;
				CLANG_WARN_BLOCK_CAPTURE_AUTORELEASING = YES;
				CLANG_WARN_BOOL_CONVERSION = YES;
				CLANG_WARN_COMMA = YES;
				CLANG_WARN_CONSTANT_CONVERSION = YES;
				CLANG_WARN_DEPRECATED_OBJC_IMPLEMENTATIONS = YES;
				CLANG_WARN_DIRECT_OBJC_ISA_USAGE = YES_ERROR;
				CLANG_WARN_DOCUMENTATION_COMMENTS = YES;
				CLANG_WARN_EMPTY_BODY = YES;
				CLANG_WARN_ENUM_CONVERSION = YES;
				CLANG_WARN_INFINITE_RECURSION = YES;
				CLANG_WARN_INT_CONVERSION = YES;
				CLANG_WARN_NON_LITERAL_NULL_CONVERSION = YES;
				CLANG_WARN_OBJC_IMPLICIT_RETAIN_SELF = YES;
				CLANG_WARN_OBJC_LITERAL_CONVERSION = YES;
				CLANG_WARN_OBJC_ROOT_CLASS = YES_ERROR;
				CLANG_WARN_QUOTED_INCLUDE_IN_FRAMEWORK_HEADER = YES;
				CLANG_WARN_RANGE_LOOP_ANALYSIS = YES;
				CLANG_WARN_STRICT_PROTOTYPES = YES;
				CLANG_WARN_SUSPICIOUS_MOVE = YES;
				CLANG_WARN_UNGUARDED_AVAILABILITY = YES_AGGRESSIVE;
				CLANG_WARN_UNREACHABLE_CODE = YES;
				CLANG_WARN__DUPLICATE_METHOD_MATCH = YES;
				COPY_PHASE_STRIP = NO;
				DEBUG_INFORMATION_FORMAT = dwarf;
				ENABLE_STRICT_OBJC_MSGSEND = YES;
				ENABLE_TESTABILITY = YES;
				ENABLE_USER_SCRIPT_SANDBOXING = YES;
				GCC_C_LANGUAGE_STANDARD = gnu17;
				GCC_DYNAMIC_NO_PIC = NO;
				GCC_NO_COMMON_BLOCKS = YES;
				GCC_OPTIMIZATION_LEVEL = 0;
				GCC_PREPROCESSOR_DEFINITIONS = (
					"DEBUG=1",
					"$(inherited)",
				);
				GCC_WARN_64_TO_32_BIT_CONVERSION = YES;
				GCC_WARN_ABOUT_RETURN_TYPE = YES_ERROR;
				GCC_WARN_UNDECLARED_SELECTOR = YES;
				GCC_WARN_UNINITIALIZED_AUTOS = YES_AGGRESSIVE;
				GCC_WARN_UNUSED_FUNCTION = YES;
				GCC_WARN_UNUSED_VARIABLE = YES;
				IPHONEOS_DEPLOYMENT_TARGET = 17.4;
				LOCALIZATION_PREFERS_STRING_CATALOGS = YES;
				MTL_ENABLE_DEBUG_INFO = INCLUDE_SOURCE;
				MTL_FAST_MATH = YES;
				ONLY_ACTIVE_ARCH = YES;
				SDKROOT = iphoneos;
				SWIFT_ACTIVE_COMPILATION_CONDITIONS = "DEBUG $(inherited)";
				SWIFT_OPTIMIZATION_LEVEL = "-Onone";
			};
			name = Debug;
		};
		5EF23BFB2C93B05F00E6435E /* Release */ = {
			isa = XCBuildConfiguration;
			buildSettings = {
				ALWAYS_SEARCH_USER_PATHS = NO;
				ASSETCATALOG_COMPILER_GENERATE_SWIFT_ASSET_SYMBOL_EXTENSIONS = YES;
				CLANG_ANALYZER_NONNULL = YES;
				CLANG_ANALYZER_NUMBER_OBJECT_CONVERSION = YES_AGGRESSIVE;
				CLANG_CXX_LANGUAGE_STANDARD = "gnu++20";
				CLANG_ENABLE_MODULES = YES;
				CLANG_ENABLE_OBJC_ARC = YES;
				CLANG_ENABLE_OBJC_WEAK = YES;
				CLANG_WARN_BLOCK_CAPTURE_AUTORELEASING = YES;
				CLANG_WARN_BOOL_CONVERSION = YES;
				CLANG_WARN_COMMA = YES;
				CLANG_WARN_CONSTANT_CONVERSION = YES;
				CLANG_WARN_DEPRECATED_OBJC_IMPLEMENTATIONS = YES;
				CLANG_WARN_DIRECT_OBJC_ISA_USAGE = YES_ERROR;
				CLANG_WARN_DOCUMENTATION_COMMENTS = YES;
				CLANG_WARN_EMPTY_BODY = YES;
				CLANG_WARN_ENUM_CONVERSION = YES;
				CLANG_WARN_INFINITE_RECURSION = YES;
				CLANG_WARN_INT_CONVERSION = YES;
				CLANG_WARN_NON_LITERAL_NULL_CONVERSION = YES;
				CLANG_WARN_OBJC_IMPLICIT_RETAIN_SELF = YES;
				CLANG_WARN_OBJC_LITERAL_CONVERSION = YES;
				CLANG_WARN_OBJC_ROOT_CLASS = YES_ERROR;
				CLANG_WARN_QUOTED_INCLUDE_IN_FRAMEWORK_HEADER = YES;
				CLANG_WARN_RANGE_LOOP_ANALYSIS = YES;
				CLANG_WARN_STRICT_PROTOTYPES = YES;
				CLANG_WARN_SUSPICIOUS_MOVE = YES;
				CLANG_WARN_UNGUARDED_AVAILABILITY = YES_AGGRESSIVE;
				CLANG_WARN_UNREACHABLE_CODE = YES;
				CLANG_WARN__DUPLICATE_METHOD_MATCH = YES;
				COPY_PHASE_STRIP = NO;
				DEBUG_INFORMATION_FORMAT = "dwarf-with-dsym";
				ENABLE_NS_ASSERTIONS = NO;
				ENABLE_STRICT_OBJC_MSGSEND = YES;
				ENABLE_USER_SCRIPT_SANDBOXING = YES;
				GCC_C_LANGUAGE_STANDARD = gnu17;
				GCC_NO_COMMON_BLOCKS = YES;
				GCC_WARN_64_TO_32_BIT_CONVERSION = YES;
				GCC_WARN_ABOUT_RETURN_TYPE = YES_ERROR;
				GCC_WARN_UNDECLARED_SELECTOR = YES;
				GCC_WARN_UNINITIALIZED_AUTOS = YES_AGGRESSIVE;
				GCC_WARN_UNUSED_FUNCTION = YES;
				GCC_WARN_UNUSED_VARIABLE = YES;
				IPHONEOS_DEPLOYMENT_TARGET = 17.4;
				LOCALIZATION_PREFERS_STRING_CATALOGS = YES;
				MTL_ENABLE_DEBUG_INFO = NO;
				MTL_FAST_MATH = YES;
				SDKROOT = iphoneos;
				SWIFT_COMPILATION_MODE = wholemodule;
				VALIDATE_PRODUCT = YES;
			};
			name = Release;
		};
		5EF23BFD2C93B05F00E6435E /* Debug */ = {
			isa = XCBuildConfiguration;
			buildSettings = {
				ASSETCATALOG_COMPILER_APPICON_NAME = AppIcon;
				ASSETCATALOG_COMPILER_GLOBAL_ACCENT_COLOR_NAME = AccentColor;
				CODE_SIGN_STYLE = Automatic;
				CURRENT_PROJECT_VERSION = 1;
				GENERATE_INFOPLIST_FILE = YES;
				INFOPLIST_FILE = BrainGame/Info.plist;
				INFOPLIST_KEY_UIApplicationSupportsIndirectInputEvents = YES;
				INFOPLIST_KEY_UILaunchStoryboardName = LaunchScreen;
				INFOPLIST_KEY_UIMainStoryboardFile = Main;
				INFOPLIST_KEY_UISupportedInterfaceOrientations_iPad = "UIInterfaceOrientationPortrait UIInterfaceOrientationPortraitUpsideDown UIInterfaceOrientationLandscapeLeft UIInterfaceOrientationLandscapeRight";
				INFOPLIST_KEY_UISupportedInterfaceOrientations_iPhone = "UIInterfaceOrientationPortrait UIInterfaceOrientationLandscapeLeft UIInterfaceOrientationLandscapeRight";
				LD_RUNPATH_SEARCH_PATHS = (
					"$(inherited)",
					"@executable_path/Frameworks",
				);
				MARKETING_VERSION = 1.0;
				PRODUCT_BUNDLE_IDENTIFIER = com.josepernia.BrainGame;
				PRODUCT_NAME = "$(TARGET_NAME)";
				SWIFT_EMIT_LOC_STRINGS = YES;
				SWIFT_VERSION = 5.0;
				TARGETED_DEVICE_FAMILY = "1,2";
			};
			name = Debug;
		};
		5EF23BFE2C93B05F00E6435E /* Release */ = {
			isa = XCBuildConfiguration;
			buildSettings = {
				ASSETCATALOG_COMPILER_APPICON_NAME = AppIcon;
				ASSETCATALOG_COMPILER_GLOBAL_ACCENT_COLOR_NAME = AccentColor;
				CODE_SIGN_STYLE = Automatic;
				CURRENT_PROJECT_VERSION = 1;
				GENERATE_INFOPLIST_FILE = YES;
				INFOPLIST_FILE = BrainGame/Info.plist;
				INFOPLIST_KEY_UIApplicationSupportsIndirectInputEvents = YES;
				INFOPLIST_KEY_UILaunchStoryboardName = LaunchScreen;
				INFOPLIST_KEY_UIMainStoryboardFile = Main;
				INFOPLIST_KEY_UISupportedInterfaceOrientations_iPad = "UIInterfaceOrientationPortrait UIInterfaceOrientationPortraitUpsideDown UIInterfaceOrientationLandscapeLeft UIInterfaceOrientationLandscapeRight";
				INFOPLIST_KEY_UISupportedInterfaceOrientations_iPhone = "UIInterfaceOrientationPortrait UIInterfaceOrientationLandscapeLeft UIInterfaceOrientationLandscapeRight";
				LD_RUNPATH_SEARCH_PATHS = (
					"$(inherited)",
					"@executable_path/Frameworks",
				);
				MARKETING_VERSION = 1.0;
				PRODUCT_BUNDLE_IDENTIFIER = com.josepernia.BrainGame;
				PRODUCT_NAME = "$(TARGET_NAME)";
				SWIFT_EMIT_LOC_STRINGS = YES;
				SWIFT_VERSION = 5.0;
				TARGETED_DEVICE_FAMILY = "1,2";
			};
			name = Release;
		};
		5EF23C002C93B05F00E6435E /* Debug */ = {
			isa = XCBuildConfiguration;
			buildSettings = {
				ALWAYS_EMBED_SWIFT_STANDARD_LIBRARIES = YES;
				BUNDLE_LOADER = "$(TEST_HOST)";
				CODE_SIGN_STYLE = Automatic;
				CURRENT_PROJECT_VERSION = 1;
				GENERATE_INFOPLIST_FILE = YES;
				IPHONEOS_DEPLOYMENT_TARGET = 17.4;
				MARKETING_VERSION = 1.0;
				PRODUCT_BUNDLE_IDENTIFIER = com.josepernia.BrainGameTests;
				PRODUCT_NAME = "$(TARGET_NAME)";
				SWIFT_EMIT_LOC_STRINGS = NO;
				SWIFT_VERSION = 5.0;
				TARGETED_DEVICE_FAMILY = "1,2";
				TEST_HOST = "$(BUILT_PRODUCTS_DIR)/BrainGame.app/$(BUNDLE_EXECUTABLE_FOLDER_PATH)/BrainGame";
			};
			name = Debug;
		};
		5EF23C012C93B05F00E6435E /* Release */ = {
			isa = XCBuildConfiguration;
			buildSettings = {
				ALWAYS_EMBED_SWIFT_STANDARD_LIBRARIES = YES;
				BUNDLE_LOADER = "$(TEST_HOST)";
				CODE_SIGN_STYLE = Automatic;
				CURRENT_PROJECT_VERSION = 1;
				GENERATE_INFOPLIST_FILE = YES;
				IPHONEOS_DEPLOYMENT_TARGET = 17.4;
				MARKETING_VERSION = 1.0;
				PRODUCT_BUNDLE_IDENTIFIER = com.josepernia.BrainGameTests;
				PRODUCT_NAME = "$(TARGET_NAME)";
				SWIFT_EMIT_LOC_STRINGS = NO;
				SWIFT_VERSION = 5.0;
				TARGETED_DEVICE_FAMILY = "1,2";
				TEST_HOST = "$(BUILT_PRODUCTS_DIR)/BrainGame.app/$(BUNDLE_EXECUTABLE_FOLDER_PATH)/BrainGame";
			};
			name = Release;
		};
		5EF23C032C93B05F00E6435E /* Debug */ = {
			isa = XCBuildConfiguration;
			buildSettings = {
				ALWAYS_EMBED_SWIFT_STANDARD_LIBRARIES = YES;
				CODE_SIGN_STYLE = Automatic;
				CURRENT_PROJECT_VERSION = 1;
				GENERATE_INFOPLIST_FILE = YES;
				MARKETING_VERSION = 1.0;
				PRODUCT_BUNDLE_IDENTIFIER = com.josepernia.BrainGameUITests;
				PRODUCT_NAME = "$(TARGET_NAME)";
				SWIFT_EMIT_LOC_STRINGS = NO;
				SWIFT_VERSION = 5.0;
				TARGETED_DEVICE_FAMILY = "1,2";
				TEST_TARGET_NAME = BrainGame;
			};
			name = Debug;
		};
		5EF23C042C93B05F00E6435E /* Release */ = {
			isa = XCBuildConfiguration;
			buildSettings = {
				ALWAYS_EMBED_SWIFT_STANDARD_LIBRARIES = YES;
				CODE_SIGN_STYLE = Automatic;
				CURRENT_PROJECT_VERSION = 1;
				GENERATE_INFOPLIST_FILE = YES;
				MARKETING_VERSION = 1.0;
				PRODUCT_BUNDLE_IDENTIFIER = com.josepernia.BrainGameUITests;
				PRODUCT_NAME = "$(TARGET_NAME)";
				SWIFT_EMIT_LOC_STRINGS = NO;
				SWIFT_VERSION = 5.0;
				TARGETED_DEVICE_FAMILY = "1,2";
				TEST_TARGET_NAME = BrainGame;
			};
			name = Release;
		};
/* End XCBuildConfiguration section */

/* Begin XCConfigurationList section */
		5EF23BCD2C93B05D00E6435E /* Build configuration list for PBXProject "BrainGame" */ = {
			isa = XCConfigurationList;
			buildConfigurations = (
				5EF23BFA2C93B05F00E6435E /* Debug */,
				5EF23BFB2C93B05F00E6435E /* Release */,
			);
			defaultConfigurationIsVisible = 0;
			defaultConfigurationName = Release;
		};
		5EF23BFC2C93B05F00E6435E /* Build configuration list for PBXNativeTarget "BrainGame" */ = {
			isa = XCConfigurationList;
			buildConfigurations = (
				5EF23BFD2C93B05F00E6435E /* Debug */,
				5EF23BFE2C93B05F00E6435E /* Release */,
			);
			defaultConfigurationIsVisible = 0;
			defaultConfigurationName = Release;
		};
		5EF23BFF2C93B05F00E6435E /* Build configuration list for PBXNativeTarget "BrainGameTests" */ = {
			isa = XCConfigurationList;
			buildConfigurations = (
				5EF23C002C93B05F00E6435E /* Debug */,
				5EF23C012C93B05F00E6435E /* Release */,
			);
			defaultConfigurationIsVisible = 0;
			defaultConfigurationName = Release;
		};
		5EF23C022C93B05F00E6435E /* Build configuration list for PBXNativeTarget "BrainGameUITests" */ = {
			isa = XCConfigurationList;
			buildConfigurations = (
				5EF23C032C93B05F00E6435E /* Debug */,
				5EF23C042C93B05F00E6435E /* Release */,
			);
			defaultConfigurationIsVisible = 0;
			defaultConfigurationName = Release;
		};
/* End XCConfigurationList section */
	};
	rootObject = 5EF23BCA2C93B05D00E6435E /* Project object */;
}
